
Microsoft Visual Studio Solution File, Format Version 12.00
# Visual Studio Version 16
VisualStudioVersion = 16.0.29306.81
MinimumVisualStudioVersion = 10.0.40219.1
Project("{9A19103F-16F7-4668-BE54-9A1E7A4F7556}") = "loggingdemo", "loggingdemo\loggingdemo.csproj", "{46EBEB2D-F68E-4D05-975D-6EC2EF382577}"
EndProject
Global
	GlobalSection(SolutionConfigurationPlatforms) = preSolution
		Debug|Any CPU = Debug|Any CPU
		Release|Any CPU = Release|Any CPU
	EndGlobalSection
	GlobalSection(ProjectConfigurationPlatforms) = postSolution
		{46EBEB2D-F68E-4D05-975D-6EC2EF382577}.Debug|Any CPU.ActiveCfg = Debug|Any CPU
		{46EBEB2D-F68E-4D05-975D-6EC2EF382577}.Debug|Any CPU.Build.0 = Debug|Any CPU
		{46EBEB2D-F68E-4D05-975D-6EC2EF382577}.Release|Any CPU.ActiveCfg = Release|Any CPU
		{46EBEB2D-F68E-4D05-975D-6EC2EF382577}.Release|Any CPU.Build.0 = Release|Any CPU
	EndGlobalSection
	GlobalSection(SolutionProperties) = preSolution
		HideSolutionNode = FALSE
	EndGlobalSection
	GlobalSection(ExtensibilityGlobals) = postSolution
		SolutionGuid = {22B2F626-F4F7-40AA-A0A7-8A735D5AEF2A}
	EndGlobalSection
EndGlobal
